<?xml version="1.0" encoding="UTF-8" standalone="yes" ?>
<CodeBlocks_project_file>
	<FileVersion major="1" minor="6" />
	<Project>
		<Option title="test.c" />
		<Option pch_mode="2" />
		<Option compiler="gcc" />
		<Build>
			<Target title="Debug">
				<Option output="bin/Debug/test" prefix_auto="1" extension_auto="1" />
				<Option object_output="obj/Debug/" />
				<Option type="1" />
				<Option compiler="gcc" />
				<Compiler>
					<Add option="-g" />
				</Compiler>
			</Target>
			<Target title="Release">
				<Option output="bin/Release/test" prefix_auto="1" extension_auto="1" />
				<Option object_output="obj/Release/" />
				<Option type="1" />
				<Option compiler="gcc" />
				<Compiler>
					<Add option="-O2" />
				</Compiler>
				<Linker>
					<Add option="-s" />
				</Linker>
			</Target>
		</Build>
		<Compiler>
			<Add option="-Wall" />
		</Compiler>
		<Unit filename="Chefina and swaps.cpp">
			<Option compile="0" />
			<Option link="0" />
		</Unit>
		<Unit filename="D_dimension_MST.cpp" />
		<Unit filename="Dijkstra_Algorithm.cpp">
			<Option compile="0" />
			<Option link="0" />
		</Unit>
		<Unit filename="Floyd_tortoise_and_hare.cpp">
			<Option compile="0" />
			<Option link="0" />
		</Unit>
		<Unit filename="Help ashu range queries segment trees.cpp">
			<Option compile="0" />
			<Option link="0" />
		</Unit>
		<Unit filename="Lazy propogation.cpp">
			<Option compile="0" />
			<Option link="0" />
		</Unit>
		<Unit filename="MOs_algorithm.cpp">
			<Option compile="0" />
			<Option link="0" />
		</Unit>
		<Unit filename="Missing a point.cpp">
			<Option compile="0" />
			<Option link="0" />
		</Unit>
		<Unit filename="XOR.c">
			<Option compilerVar="CC" />
			<Option compile="0" />
			<Option link="0" />
		</Unit>
		<Unit filename="ada king.cpp">
			<Option compile="0" />
			<Option link="0" />
		</Unit>
		<Unit filename="cahpter3Qj.c">
			<Option compilerVar="CC" />
			<Option compile="0" />
			<Option link="0" />
		</Unit>
		<Unit filename="cahpter3Qk.c">
			<Option compilerVar="CC" />
			<Option compile="0" />
			<Option link="0" />
		</Unit>
		<Unit filename="cahpter4Qc.c">
			<Option compilerVar="CC" />
			<Option compile="0" />
			<Option link="0" />
		</Unit>
		<Unit filename="cahpter4Qd.c">
			<Option compilerVar="CC" />
			<Option compile="0" />
			<Option link="0" />
		</Unit>
		<Unit filename="cahpter5Qa.c">
			<Option compilerVar="CC" />
			<Option compile="0" />
			<Option link="0" />
		</Unit>
		<Unit filename="cahpter5Qc.c">
			<Option compilerVar="CC" />
			<Option compile="0" />
			<Option link="0" />
		</Unit>
		<Unit filename="cahpter5Qd.c">
			<Option compilerVar="CC" />
			<Option compile="0" />
			<Option link="0" />
		</Unit>
		<Unit filename="cahpter5Qh.c">
			<Option compilerVar="CC" />
			<Option compile="0" />
			<Option link="0" />
		</Unit>
		<Unit filename="cahpter9Qc.c">
			<Option compilerVar="CC" />
			<Option compile="0" />
			<Option link="0" />
		</Unit>
		<Unit filename="cahpter9Qd.c">
			<Option compilerVar="CC" />
			<Option compile="0" />
			<Option link="0" />
		</Unit>
		<Unit filename="cahpter9Qe.c">
			<Option compilerVar="CC" />
			<Option compile="0" />
			<Option link="0" />
		</Unit>
		<Unit filename="cahpter9Qf.c">
			<Option compilerVar="CC" />
			<Option compile="0" />
			<Option link="0" />
		</Unit>
		<Unit filename="cahpter9Qg.c">
			<Option compilerVar="CC" />
			<Option compile="0" />
			<Option link="0" />
		</Unit>
		<Unit filename="cahpterQi.c">
			<Option compilerVar="CC" />
			<Option compile="0" />
			<Option link="0" />
		</Unit>
		<Unit filename="convexhull.cpp">
			<Option compile="0" />
			<Option link="0" />
		</Unit>
		<Unit filename="fenwick_tree.cpp">
			<Option compile="0" />
			<Option link="0" />
		</Unit>
		<Unit filename="gdsgds.c">
			<Option compilerVar="CC" />
			<Option compile="0" />
			<Option link="0" />
		</Unit>
		<Unit filename="instructionsQ5.c">
			<Option compilerVar="CC" />
			<Option compile="0" />
			<Option link="0" />
		</Unit>
		<Unit filename="instructionsQ9.c">
			<Option compilerVar="CC" />
			<Option compile="0" />
			<Option link="0" />
		</Unit>
		<Unit filename="instructionsq4.c">
			<Option compilerVar="CC" />
			<Option compile="0" />
			<Option link="0" />
		</Unit>
		<Unit filename="instructionsq6.c">
			<Option compilerVar="CC" />
			<Option compile="0" />
			<Option link="0" />
		</Unit>
		<Unit filename="instructionsq7.c">
			<Option compilerVar="CC" />
			<Option compile="0" />
			<Option link="0" />
		</Unit>
		<Unit filename="minimum_queue.cpp">
			<Option compile="0" />
			<Option link="0" />
		</Unit>
		<Unit filename="minimum_stack.cpp">
			<Option compile="0" />
			<Option link="0" />
		</Unit>
		<Unit filename="page21Q2.c">
			<Option compilerVar="CC" />
			<Option compile="0" />
			<Option link="0" />
		</Unit>
		<Unit filename="replace_for_x.cpp">
			<Option compile="0" />
			<Option link="0" />
		</Unit>
		<Unit filename="segment_tree.cpp">
			<Option compile="0" />
			<Option link="0" />
		</Unit>
		<Unit filename="seive_of_erastoteses.cpp">
			<Option compile="0" />
			<Option link="0" />
		</Unit>
		<Extensions>
			<code_completion />
			<envvars />
			<debugger />
			<lib_finder disable_auto="1" />
		</Extensions>
	</Project>
</CodeBlocks_project_file>
